<?xml version="1.0" encoding="utf-8"?>
<Project ToolsVersion="4.0" xmlns="http://schemas.microsoft.com/developer/msbuild/2003">
  <ItemGroup>
    <Filter Include="Main">
      <UniqueIdentifier>{9f87929c-ad02-4e3f-8d8f-6ab454c5c631}</UniqueIdentifier>
    </Filter>
    <Filter Include="Library">
      <UniqueIdentifier>{a0a8d890-42eb-4fc1-9349-4ffc665cccbb}</UniqueIdentifier>
    </Filter>
    <Filter Include="Framework">
      <UniqueIdentifier>{93521eab-3603-4aec-b397-de014e5a5dd8}</UniqueIdentifier>
    </Filter>
    <Filter Include="Library\Uuid">
      <UniqueIdentifier>{2d7d5b5d-e26a-470c-852b-3447f4a80093}</UniqueIdentifier>
    </Filter>
    <Filter Include="Main\WndProc">
      <UniqueIdentifier>{d42b1f9f-64e0-47d8-8bf1-ade9e9ef5295}</UniqueIdentifier>
    </Filter>
    <Filter Include="Main\WndProc\Initialize">
      <UniqueIdentifier>{eeed84c7-f3cb-4cbf-ac90-dc801237555d}</UniqueIdentifier>
    </Filter>
    <Filter Include="Main\WndProc\Keyboard">
      <UniqueIdentifier>{d80511d2-f2bc-4dd4-a215-22ca66278776}</UniqueIdentifier>
    </Filter>
    <Filter Include="Main\WndProc\Draw">
      <UniqueIdentifier>{b76123ab-89be-44eb-babf-1424ae51cf6f}</UniqueIdentifier>
    </Filter>
    <Filter Include="Main\WndProc\Draw\GdiPlus">
      <UniqueIdentifier>{29d25750-3003-4c0a-a181-f3632e523c56}</UniqueIdentifier>
    </Filter>
    <Filter Include="Main\WndProc\Draw\Gdi">
      <UniqueIdentifier>{a4badd09-366c-425b-9850-7ba4346850a0}</UniqueIdentifier>
    </Filter>
    <Filter Include="Framework\WndProc">
      <UniqueIdentifier>{8cc8bece-b6b4-4ec3-b33e-f6279a1ce883}</UniqueIdentifier>
    </Filter>
    <Filter Include="Main\WndProc\Draw\DirectX">
      <UniqueIdentifier>{03f69fe1-1e63-4a63-a7a0-a1e90bcce392}</UniqueIdentifier>
    </Filter>
  </ItemGroup>
  <ItemGroup>
    <ClCompile Include="src\Program.cpp">
      <Filter>Main</Filter>
    </ClCompile>
    <ClCompile Include="..\src\ytyaru\Framework\WndProc\Window.cpp">
      <Filter>Framework\WndProc</Filter>
    </ClCompile>
    <ClCompile Include="..\src\ytyaru\Library\Uuid\Uuid.cpp">
      <Filter>Library\Uuid</Filter>
    </ClCompile>
    <ClCompile Include="src\WndProc\Initialize\InitializeWndProc.cpp">
      <Filter>Main\WndProc\Initialize</Filter>
    </ClCompile>
    <ClCompile Include="src\WndProc\Keyboard\KeyboardWndProc.cpp">
      <Filter>Main\WndProc\Keyboard</Filter>
    </ClCompile>
    <ClCompile Include="src\WndProc\Draw\Gdi\GdiWndProc.cpp">
      <Filter>Main\WndProc\Draw\Gdi</Filter>
    </ClCompile>
    <ClCompile Include="src\WndProc\Draw\GdiPlus\GdiPlusWndProc.cpp">
      <Filter>Main\WndProc\Draw\GdiPlus</Filter>
    </ClCompile>
    <ClCompile Include="src\WndProc\Draw\DrawWndProc.cpp">
      <Filter>Main\WndProc\Draw</Filter>
    </ClCompile>
    <ClCompile Include="src\WndProc\Draw\DirectX\DirectXWndProc.cpp">
      <Filter>Main\WndProc\Draw\DirectX</Filter>
    </ClCompile>
    <ClCompile Include="src\WndProc\Draw\GraphicsArchitectureSetter.cpp">
      <Filter>Main\WndProc\Draw</Filter>
    </ClCompile>
  </ItemGroup>
  <ItemGroup>
    <ClInclude Include="..\src\ytyaru\Framework\WndProc\IPartWndProc.h">
      <Filter>Framework\WndProc</Filter>
    </ClInclude>
    <ClInclude Include="..\src\ytyaru\Framework\WndProc\Window.h">
      <Filter>Framework\WndProc</Filter>
    </ClInclude>
    <ClInclude Include="..\src\ytyaru\Library\Uuid\Uuid.h">
      <Filter>Library\Uuid</Filter>
    </ClInclude>
    <ClInclude Include="src\WndProc\Initialize\InitializeWndProc.h">
      <Filter>Main\WndProc\Initialize</Filter>
    </ClInclude>
    <ClInclude Include="src\WndProc\Keyboard\KeyboardWndProc.h">
      <Filter>Main\WndProc\Keyboard</Filter>
    </ClInclude>
    <ClInclude Include="src\WndProc\Draw\Gdi\GdiWndProc.h">
      <Filter>Main\WndProc\Draw\Gdi</Filter>
    </ClInclude>
    <ClInclude Include="src\WndProc\Draw\GdiPlus\GdiPlusWndProc.h">
      <Filter>Main\WndProc\Draw\GdiPlus</Filter>
    </ClInclude>
    <ClInclude Include="src\WndProc\Draw\DrawWndProc.h">
      <Filter>Main\WndProc\Draw</Filter>
    </ClInclude>
    <ClInclude Include="src\WndProc\Draw\DirectX\DirectXWndProc.h">
      <Filter>Main\WndProc\Draw\DirectX</Filter>
    </ClInclude>
    <ClInclude Include="src\WndProc\Draw\GraphicsArchitectureSetter.h">
      <Filter>Main\WndProc\Draw</Filter>
    </ClInclude>
    <ClInclude Include="src\WndProc\Draw\IDrawWndProc.h">
      <Filter>Main\WndProc\Draw</Filter>
    </ClInclude>
  </ItemGroup>
</Project>